<?xml version="1.0" encoding="utf-8"?>
<Project ToolsVersion="4.0" xmlns="http://schemas.microsoft.com/developer/msbuild/2003">
  <ItemGroup>
    <Filter Include="Header Files">
      <UniqueIdentifier>{93995380-89BD-4b04-88EB-625FBE52EBFB}</UniqueIdentifier>
      <Extensions>h;hpp;hxx;hm;inl;inc;xsd</Extensions>
    </Filter>
    <Filter Include="Generated Files">
      <UniqueIdentifier>{71ED8ED8-ACB9-4CE9-BBE1-E00B30144E11}</UniqueIdentifier>
      <Extensions>cpp;c;cxx;moc;h;def;odl;idl;res;</Extensions>
    </Filter>
    <Filter Include="Source Files">
      <UniqueIdentifier>{4FC737F1-C7A5-4376-A066-2A32D752A2FF}</UniqueIdentifier>
      <Extensions>cpp;c;cxx;def;odl;idl;hpj;bat;asm;asmx</Extensions>
    </Filter>
    <Filter Include="Resource Files">
      <UniqueIdentifier>{f8700c71-c213-405e-91ce-6cb0dcd6e387}</UniqueIdentifier>
    </Filter>
  </ItemGroup>
  <ItemGroup>
    <ClInclude Include="connectdlg.h">
      <Filter>Header Files</Filter>
    </ClInclude>
    <ClInclude Include="defedit.h">
      <Filter>Header Files</Filter>
    </ClInclude>
    <ClInclude Include="defines.h">
      <Filter>Header Files</Filter>
    </ClInclude>
    <ClInclude Include="fix.h">
      <Filter>Header Files</Filter>
    </ClInclude>
    <ClInclude Include="fixdispatcher.h">
      <Filter>Header Files</Filter>
    </ClInclude>
    <ClInclude Include="ini.h">
      <Filter>Header Files</Filter>
    </ClInclude>
    <ClInclude Include="logger.h">
      <Filter>Header Files</Filter>
    </ClInclude>
    <ClInclude Include="model.h">
      <Filter>Header Files</Filter>
    </ClInclude>
    <ClInclude Include="netmanager.h">
      <Filter>Header Files</Filter>
    </ClInclude>
    <ClInclude Include="requesthandler.h">
      <Filter>Header Files</Filter>
    </ClInclude>
    <ClInclude Include="resource.h">
      <Filter>Header Files</Filter>
    </ClInclude>
    <ClInclude Include="responsehandler.h">
      <Filter>Header Files</Filter>
    </ClInclude>
    <ClInclude Include="syserrorinfo.h">
      <Filter>Header Files</Filter>
    </ClInclude>
  </ItemGroup>
  <ItemGroup>
    <ClCompile Include="tmp\moc\moc_instrumentbox.cpp">
      <Filter>Generated Files</Filter>
    </ClCompile>
    <ClCompile Include="tmp\moc\moc_maindialog.cpp">
      <Filter>Generated Files</Filter>
    </ClCompile>
    <ClCompile Include="tmp\moc\moc_scheduler.cpp">
      <Filter>Generated Files</Filter>
    </ClCompile>
    <ClCompile Include="tmp\moc\moc_setupdlg.cpp">
      <Filter>Generated Files</Filter>
    </ClCompile>
    <ClCompile Include="tmp\moc\moc_sslclient.cpp">
      <Filter>Generated Files</Filter>
    </ClCompile>
    <ClCompile Include="tmp\moc\moc_table.cpp">
      <Filter>Generated Files</Filter>
    </ClCompile>
    <ClCompile Include="connectdlg.cpp">
      <Filter>Source Files</Filter>
    </ClCompile>
    <ClCompile Include="defedit.cpp">
      <Filter>Source Files</Filter>
    </ClCompile>
    <ClCompile Include="defines.cpp">
      <Filter>Source Files</Filter>
    </ClCompile>
    <ClCompile Include="fix.cpp">
      <Filter>Source Files</Filter>
    </ClCompile>
    <ClCompile Include="fixdispatcher.cpp">
      <Filter>Source Files</Filter>
    </ClCompile>
    <ClCompile Include="ini.cpp">
      <Filter>Source Files</Filter>
    </ClCompile>
    <ClCompile Include="instrumentbox.cpp">
      <Filter>Source Files</Filter>
    </ClCompile>
    <ClCompile Include="lmaxadapter_plugin_import.cpp">
      <Filter>Source Files</Filter>
    </ClCompile>
    <ClCompile Include="logger.cpp">
      <Filter>Source Files</Filter>
    </ClCompile>
    <ClCompile Include="main.cpp">
      <Filter>Source Files</Filter>
    </ClCompile>
    <ClCompile Include="maindialog.cpp">
      <Filter>Source Files</Filter>
    </ClCompile>
    <ClCompile Include="model.cpp">
      <Filter>Source Files</Filter>
    </ClCompile>
    <ClCompile Include="netmanager.cpp">
      <Filter>Source Files</Filter>
    </ClCompile>
    <ClCompile Include="scheduler.cpp">
      <Filter>Source Files</Filter>
    </ClCompile>
    <ClCompile Include="setupdlg.cpp">
      <Filter>Source Files</Filter>
    </ClCompile>
    <ClCompile Include="sslclient.cpp">
      <Filter>Source Files</Filter>
    </ClCompile>
    <ClCompile Include="syserrorinfo.cpp">
      <Filter>Source Files</Filter>
    </ClCompile>
    <ClCompile Include="table.cpp">
      <Filter>Source Files</Filter>
    </ClCompile>
  </ItemGroup>
  <ItemGroup>
    <ResourceCompile Include="resources\LMAXAdapter.rc">
      <Filter>Resource Files</Filter>
    </ResourceCompile>
  </ItemGroup>
  <ItemGroup>
    <None Include="resources\settings.ico">
      <Filter>Resource Files</Filter>
    </None>
  </ItemGroup>
  <ItemGroup>
    <CustomBuild Include="instrumentbox.h">
      <Filter>Header Files</Filter>
    </CustomBuild>
    <CustomBuild Include="maindialog.h">
      <Filter>Header Files</Filter>
    </CustomBuild>
    <CustomBuild Include="scheduler.h">
      <Filter>Header Files</Filter>
    </CustomBuild>
    <CustomBuild Include="setupdlg.h">
      <Filter>Header Files</Filter>
    </CustomBuild>
    <CustomBuild Include="sslclient.h">
      <Filter>Header Files</Filter>
    </CustomBuild>
    <CustomBuild Include="table.h">
      <Filter>Header Files</Filter>
    </CustomBuild>
  </ItemGroup>
</Project>