<?xml version="1.0" encoding="utf-8"?>
<Project ToolsVersion="4.0" xmlns="http://schemas.microsoft.com/developer/msbuild/2003">
  <ItemGroup>
    <Filter Include="Header Files">
      <UniqueIdentifier>{93995380-89BD-4b04-88EB-625FBE52EBFB}</UniqueIdentifier>
      <Extensions>h;hpp;hxx;hm;inl;inc;xsd</Extensions>
    </Filter>
    <Filter Include="Generated Files">
      <UniqueIdentifier>{71ED8ED8-ACB9-4CE9-BBE1-E00B30144E11}</UniqueIdentifier>
      <Extensions>cpp;c;cxx;moc;h;def;odl;idl;res;</Extensions>
    </Filter>
    <Filter Include="Source Files">
      <UniqueIdentifier>{4FC737F1-C7A5-4376-A066-2A32D752A2FF}</UniqueIdentifier>
      <Extensions>cpp;c;cxx;def;odl;idl;hpj;bat;asm;asmx</Extensions>
    </Filter>
    <Filter Include="Resource Files">
      <UniqueIdentifier>{fd477008-aa0b-444d-b838-5f9a01cc403d}</UniqueIdentifier>
      <Extensions>*.rc,*.ico</Extensions>
    </Filter>
  </ItemGroup>
  <ItemGroup>
    <ClInclude Include="baseini.h">
      <Filter>Header Files</Filter>
    </ClInclude>
    <ClInclude Include="external.h">
      <Filter>Header Files</Filter>
    </ClInclude>
    <ClInclude Include="fix.h">
      <Filter>Header Files</Filter>
    </ClInclude>
    <ClInclude Include="fixdatamodel.h">
      <Filter>Header Files</Filter>
    </ClInclude>
    <ClInclude Include="globals.h">
      <Filter>Header Files</Filter>
    </ClInclude>
    <ClInclude Include="logger.h">
      <Filter>Header Files</Filter>
    </ClInclude>
    <ClInclude Include="marketabstractmodel.h">
      <Filter>Header Files</Filter>
    </ClInclude>
    <ClInclude Include="requesthandler.h">
      <Filter>Header Files</Filter>
    </ClInclude>
    <ClInclude Include="resource.h">
      <Filter>Header Files</Filter>
    </ClInclude>
    <ClInclude Include="responsehandler.h">
      <Filter>Header Files</Filter>
    </ClInclude>
    <ClInclude Include="syserrorinfo.h">
      <Filter>Header Files</Filter>
    </ClInclude>
    <ClInclude Include="statusbar.h">
      <Filter>Header Files</Filter>
    </ClInclude>
  </ItemGroup>
  <ItemGroup>
    <ClCompile Include="tmp\moc\moc_defaultedit.cpp">
      <Filter>Generated Files</Filter>
    </ClCompile>
    <ClCompile Include="tmp\moc\moc_fixlogger.cpp">
      <Filter>Generated Files</Filter>
    </ClCompile>
    <ClCompile Include="tmp\moc\moc_fixmessagedialog.cpp">
      <Filter>Generated Files</Filter>
    </ClCompile>
    <ClCompile Include="tmp\moc\moc_maindialog.cpp">
      <Filter>Generated Files</Filter>
    </ClCompile>
    <ClCompile Include="tmp\moc\moc_quotestablemodel.cpp">
      <Filter>Generated Files</Filter>
    </ClCompile>
    <ClCompile Include="tmp\moc\moc_quotestableview.cpp">
      <Filter>Generated Files</Filter>
    </ClCompile>
    <ClCompile Include="tmp\moc\moc_scheduler.cpp">
      <Filter>Generated Files</Filter>
    </ClCompile>
    <ClCompile Include="tmp\moc\moc_setupdialog.cpp">
      <Filter>Generated Files</Filter>
    </ClCompile>
    <ClCompile Include="tmp\moc\moc_sslclient.cpp">
      <Filter>Generated Files</Filter>
    </ClCompile>
    <ClCompile Include="tmp\moc\moc_symboleditdialog.cpp">
      <Filter>Generated Files</Filter>
    </ClCompile>
    <ClCompile Include="tmp\moc\moc_symbolsmodel.cpp">
      <Filter>Generated Files</Filter>
    </ClCompile>
    <ClCompile Include="baseini.cpp">
      <Filter>Source Files</Filter>
    </ClCompile>
    <ClCompile Include="defaultedit.cpp">
      <Filter>Source Files</Filter>
    </ClCompile>
    <ClCompile Include="fix.cpp">
      <Filter>Source Files</Filter>
    </ClCompile>
    <ClCompile Include="fixdatamodel.cpp">
      <Filter>Source Files</Filter>
    </ClCompile>
    <ClCompile Include="fixmessagedialog.cpp">
      <Filter>Source Files</Filter>
    </ClCompile>
    <ClCompile Include="globals.cpp">
      <Filter>Source Files</Filter>
    </ClCompile>
    <ClCompile Include="lmaxadapter_plugin_import.cpp">
      <Filter>Source Files</Filter>
    </ClCompile>
    <ClCompile Include="logger.cpp">
      <Filter>Source Files</Filter>
    </ClCompile>
    <ClCompile Include="main.cpp">
      <Filter>Source Files</Filter>
    </ClCompile>
    <ClCompile Include="maindialog.cpp">
      <Filter>Source Files</Filter>
    </ClCompile>
    <ClCompile Include="netmanager.cpp">
      <Filter>Source Files</Filter>
    </ClCompile>
    <ClCompile Include="quotestablemodel.cpp">
      <Filter>Source Files</Filter>
    </ClCompile>
    <ClCompile Include="quotestableview.cpp">
      <Filter>Source Files</Filter>
    </ClCompile>
    <ClCompile Include="scheduler.cpp">
      <Filter>Source Files</Filter>
    </ClCompile>
    <ClCompile Include="setupdialog.cpp">
      <Filter>Source Files</Filter>
    </ClCompile>
    <ClCompile Include="sslclient.cpp">
      <Filter>Source Files</Filter>
    </ClCompile>
    <ClCompile Include="symboleditdialog.cpp">
      <Filter>Source Files</Filter>
    </ClCompile>
    <ClCompile Include="symbolsmodel.cpp">
      <Filter>Source Files</Filter>
    </ClCompile>
    <ClCompile Include="syserrorinfo.cpp">
      <Filter>Source Files</Filter>
    </ClCompile>
    <ClCompile Include="tmp\moc\moc_netmanager.cpp">
      <Filter>Generated Files</Filter>
    </ClCompile>
    <ClCompile Include="tmp\moc\moc_mqlproxyserver.cpp">
      <Filter>Generated Files</Filter>
    </ClCompile>
    <ClCompile Include="mqlproxyserver.cpp">
      <Filter>Source Files</Filter>
    </ClCompile>
    <ClCompile Include="fixlogger.cpp">
      <Filter>Source Files</Filter>
    </ClCompile>
    <ClCompile Include="statusbar.cpp">
      <Filter>Source Files</Filter>
    </ClCompile>
  </ItemGroup>
  <ItemGroup>
    <None Include="resources\addorigin.ico">
      <Filter>Resource Files</Filter>
    </None>
    <None Include="resources\addtoview.ico">
      <Filter>Resource Files</Filter>
    </None>
    <None Include="resources\editfix.ico">
      <Filter>Resource Files</Filter>
    </None>
    <None Include="resources\edorigin.ico">
      <Filter>Resource Files</Filter>
    </None>
    <None Include="resources\first.ico">
      <Filter>Resource Files</Filter>
    </None>
    <None Include="resources\inst_moved.ico">
      <Filter>Resource Files</Filter>
    </None>
    <None Include="resources\inst_nochange.ico">
      <Filter>Resource Files</Filter>
    </None>
    <None Include="resources\instedt_moved.ico">
      <Filter>Resource Files</Filter>
    </None>
    <None Include="resources\instedt_nochange.ico">
      <Filter>Resource Files</Filter>
    </None>
    <None Include="resources\instnew_moved.ico">
      <Filter>Resource Files</Filter>
    </None>
    <None Include="resources\instnew_nochange.ico">
      <Filter>Resource Files</Filter>
    </None>
    <None Include="resources\last.ico">
      <Filter>Resource Files</Filter>
    </None>
    <None Include="resources\next.ico">
      <Filter>Resource Files</Filter>
    </None>
    <None Include="resources\prev.ico">
      <Filter>Resource Files</Filter>
    </None>
    <None Include="resources\rmfromview.ico">
      <Filter>Resource Files</Filter>
    </None>
    <None Include="resources\rmorigin.ico">
      <Filter>Resource Files</Filter>
    </None>
    <None Include="resources\settings.ico">
      <Filter>Resource Files</Filter>
    </None>
    <None Include="resources\viewfix.ico">
      <Filter>Resource Files</Filter>
    </None>
    <None Include="resources\updatereq.ico" />
    <None Include="resources\removerow.ico">
      <Filter>Resource Files</Filter>
    </None>
    <None Include="resources\subscribe.ico">
      <Filter>Resource Files</Filter>
    </None>
    <None Include="resources\unsubscribe.ico">
      <Filter>Resource Files</Filter>
    </None>
  </ItemGroup>
  <ItemGroup>
    <ResourceCompile Include="resources\LMAXAdapter.rc">
      <Filter>Resource Files</Filter>
    </ResourceCompile>
  </ItemGroup>
  <ItemGroup>
    <CustomBuild Include="defaultedit.h">
      <Filter>Header Files</Filter>
    </CustomBuild>
    <CustomBuild Include="fixmessagedialog.h">
      <Filter>Header Files</Filter>
    </CustomBuild>
    <CustomBuild Include="maindialog.h">
      <Filter>Header Files</Filter>
    </CustomBuild>
    <CustomBuild Include="quotestablemodel.h">
      <Filter>Header Files</Filter>
    </CustomBuild>
    <CustomBuild Include="quotestableview.h">
      <Filter>Header Files</Filter>
    </CustomBuild>
    <CustomBuild Include="scheduler.h">
      <Filter>Header Files</Filter>
    </CustomBuild>
    <CustomBuild Include="setupdialog.h">
      <Filter>Header Files</Filter>
    </CustomBuild>
    <CustomBuild Include="sslclient.h">
      <Filter>Header Files</Filter>
    </CustomBuild>
    <CustomBuild Include="symboleditdialog.h">
      <Filter>Header Files</Filter>
    </CustomBuild>
    <CustomBuild Include="symbolsmodel.h">
      <Filter>Header Files</Filter>
    </CustomBuild>
    <CustomBuild Include="netmanager.h">
      <Filter>Header Files</Filter>
    </CustomBuild>
    <CustomBuild Include="mqlproxyserver.h">
      <Filter>Header Files</Filter>
    </CustomBuild>
    <CustomBuild Include="fixlogger.h">
      <Filter>Header Files</Filter>
    </CustomBuild>
  </ItemGroup>
</Project>